
Microsoft Visual Studio Solution File, Format Version 12.00
# Visual Studio Version 17
VisualStudioVersion = 17.0.31912.275
MinimumVisualStudioVersion = 10.0.40219.1
Project("{FAE04EC0-301F-11D3-BF4B-00C04F79EFBC}") = "1.LongWord", "String\1.LongWord.csproj", "{D7980DD7-D725-488C-80FD-FAB37EEAF4BB}"
EndProject
Project("{FAE04EC0-301F-11D3-BF4B-00C04F79EFBC}") = "2.Palindrom", "2.Palindrom\2.Palindrom.csproj", "{54A53A17-E625-4C61-9E1A-CBD4EBECBB6D}"
EndProject
Global
	GlobalSection(SolutionConfigurationPlatforms) = preSolution
		Debug|Any CPU = Debug|Any CPU
		Release|Any CPU = Release|Any CPU
	EndGlobalSection
	GlobalSection(ProjectConfigurationPlatforms) = postSolution
		{D7980DD7-D725-488C-80FD-FAB37EEAF4BB}.Debug|Any CPU.ActiveCfg = Debug|Any CPU
		{D7980DD7-D725-488C-80FD-FAB37EEAF4BB}.Debug|Any CPU.Build.0 = Debug|Any CPU
		{D7980DD7-D725-488C-80FD-FAB37EEAF4BB}.Release|Any CPU.ActiveCfg = Release|Any CPU
		{D7980DD7-D725-488C-80FD-FAB37EEAF4BB}.Release|Any CPU.Build.0 = Release|Any CPU
		{54A53A17-E625-4C61-9E1A-CBD4EBECBB6D}.Debug|Any CPU.ActiveCfg = Debug|Any CPU
		{54A53A17-E625-4C61-9E1A-CBD4EBECBB6D}.Debug|Any CPU.Build.0 = Debug|Any CPU
		{54A53A17-E625-4C61-9E1A-CBD4EBECBB6D}.Release|Any CPU.ActiveCfg = Release|Any CPU
		{54A53A17-E625-4C61-9E1A-CBD4EBECBB6D}.Release|Any CPU.Build.0 = Release|Any CPU
	EndGlobalSection
	GlobalSection(SolutionProperties) = preSolution
		HideSolutionNode = FALSE
	EndGlobalSection
	GlobalSection(ExtensibilityGlobals) = postSolution
		SolutionGuid = {38682828-EF2B-4D66-87E3-9104FBDD6979}
	EndGlobalSection
EndGlobal
